
Microsoft Visual Studio Solution File, Format Version 12.00
# Visual Studio Version 16
VisualStudioVersion = 16.0.30413.136
MinimumVisualStudioVersion = 10.0.40219.1
Project("{FAE04EC0-301F-11D3-BF4B-00C04F79EFBC}") = "RainbowSchoolSystem", "RainbowSchoolSystem\RainbowSchoolSystem.csproj", "{413D5A4C-92C0-44E3-9313-14D8A1BCCFCA}"
EndProject
Global
	GlobalSection(SolutionConfigurationPlatforms) = preSolution
		Debug|Any CPU = Debug|Any CPU
		Release|Any CPU = Release|Any CPU
	EndGlobalSection
	GlobalSection(ProjectConfigurationPlatforms) = postSolution
		{413D5A4C-92C0-44E3-9313-14D8A1BCCFCA}.Debug|Any CPU.ActiveCfg = Debug|Any CPU
		{413D5A4C-92C0-44E3-9313-14D8A1BCCFCA}.Debug|Any CPU.Build.0 = Debug|Any CPU
		{413D5A4C-92C0-44E3-9313-14D8A1BCCFCA}.Release|Any CPU.ActiveCfg = Release|Any CPU
		{413D5A4C-92C0-44E3-9313-14D8A1BCCFCA}.Release|Any CPU.Build.0 = Release|Any CPU
	EndGlobalSection
	GlobalSection(SolutionProperties) = preSolution
		HideSolutionNode = FALSE
	EndGlobalSection
	GlobalSection(ExtensibilityGlobals) = postSolution
		SolutionGuid = {B0CFAF19-16DD-483E-9501-204EAC86C7C3}
	EndGlobalSection
EndGlobal
